// !$*UTF8*$!
{
	archiveVersion = 1;
	classes = {
	};
	objectVersion = 56;
	objects = {

/* Begin PBXBuildFile section */
		34D5BF0D2AB583F400E2988D /* OpenAI in Frameworks */ = {isa = PBXBuildFile; productRef = 34D5BF0C2AB583F400E2988D /* OpenAI */; };
		AF2C96152AA86F81005CCE33 /* GrammarFixError.swift in Sources */ = {isa = PBXBuildFile; fileRef = AF2C96142AA86F81005CCE33 /* GrammarFixError.swift */; };
		AF9325922AA856ED006CF07E /* ArgumentParser in Frameworks */ = {isa = PBXBuildFile; productRef = AF9325912AA856ED006CF07E /* ArgumentParser */; };
		AF9325942AA8585E006CF07E /* GrammarFix.swift in Sources */ = {isa = PBXBuildFile; fileRef = AF9325932AA8585E006CF07E /* GrammarFix.swift */; };
/* End PBXBuildFile section */

/* Begin PBXCopyFilesBuildPhase section */
		AF9325842AA85614006CF07E /* CopyFiles */ = {
			isa = PBXCopyFilesBuildPhase;
			buildActionMask = 2147483647;
			dstPath = /usr/share/man/man1/;
			dstSubfolderSpec = 0;
			files = (
			);
			runOnlyForDeploymentPostprocessing = 1;
		};
/* End PBXCopyFilesBuildPhase section */

/* Begin PBXFileReference section */
		AF2C96142AA86F81005CCE33 /* GrammarFixError.swift */ = {isa = PBXFileReference; lastKnownFileType = sourcecode.swift; path = GrammarFixError.swift; sourceTree = "<group>"; };
		AF9325862AA85614006CF07E /* GrammarFix */ = {isa = PBXFileReference; explicitFileType = "compiled.mach-o.executable"; includeInIndex = 0; path = GrammarFix; sourceTree = BUILT_PRODUCTS_DIR; };
		AF9325932AA8585E006CF07E /* GrammarFix.swift */ = {isa = PBXFileReference; lastKnownFileType = sourcecode.swift; path = GrammarFix.swift; sourceTree = "<group>"; };
/* End PBXFileReference section */

/* Begin PBXFrameworksBuildPhase section */
		AF9325832AA85614006CF07E /* Frameworks */ = {
			isa = PBXFrameworksBuildPhase;
			buildActionMask = 2147483647;
			files = (
				34D5BF0D2AB583F400E2988D /* OpenAI in Frameworks */,
				AF9325922AA856ED006CF07E /* ArgumentParser in Frameworks */,
			);
			runOnlyForDeploymentPostprocessing = 0;
		};
/* End PBXFrameworksBuildPhase section */

/* Begin PBXGroup section */
		AF93257D2AA85614006CF07E = {
			isa = PBXGroup;
			children = (
				AF9325882AA85614006CF07E /* GrammarFix */,
				AF9325872AA85614006CF07E /* Products */,
			);
			sourceTree = "<group>";
		};
		AF9325872AA85614006CF07E /* Products */ = {
			isa = PBXGroup;
			children = (
				AF9325862AA85614006CF07E /* GrammarFix */,
			);
			name = Products;
			sourceTree = "<group>";
		};
		AF9325882AA85614006CF07E /* GrammarFix */ = {
			isa = PBXGroup;
			children = (
				AF9325932AA8585E006CF07E /* GrammarFix.swift */,
				AF2C96142AA86F81005CCE33 /* GrammarFixError.swift */,
			);
			path = GrammarFix;
			sourceTree = "<group>";
		};
/* End PBXGroup section */

/* Begin PBXNativeTarget section */
		AF9325852AA85614006CF07E /* GrammarFix */ = {
			isa = PBXNativeTarget;
			buildConfigurationList = AF93258D2AA85614006CF07E /* Build configuration list for PBXNativeTarget "GrammarFix" */;
			buildPhases = (
				AF9325822AA85614006CF07E /* Sources */,
				AF9325832AA85614006CF07E /* Frameworks */,
				AF9325842AA85614006CF07E /* CopyFiles */,
			);
			buildRules = (
			);
			dependencies = (
			);
			name = GrammarFix;
			packageProductDependencies = (
				AF9325912AA856ED006CF07E /* ArgumentParser */,
				34D5BF0C2AB583F400E2988D /* OpenAI */,
			);
			productName = GrammarFix;
			productReference = AF9325862AA85614006CF07E /* GrammarFix */;
			productType = "com.apple.product-type.tool";
		};
/* End PBXNativeTarget section */

/* Begin PBXProject section */
		AF93257E2AA85614006CF07E /* Project object */ = {
			isa = PBXProject;
			attributes = {
				BuildIndependentTargetsInParallel = 1;
				LastSwiftUpdateCheck = 1420;
				LastUpgradeCheck = 1420;
				TargetAttributes = {
					AF9325852AA85614006CF07E = {
						CreatedOnToolsVersion = 14.2;
					};
				};
			};
			buildConfigurationList = AF9325812AA85614006CF07E /* Build configuration list for PBXProject "GrammarFix" */;
			compatibilityVersion = "Xcode 14.0";
			developmentRegion = en;
			hasScannedForEncodings = 0;
			knownRegions = (
				en,
				Base,
			);
			mainGroup = AF93257D2AA85614006CF07E;
			packageReferences = (
				AF9325902AA856ED006CF07E /* XCRemoteSwiftPackageReference "swift-argument-parser" */,
				34D5BF0B2AB583F400E2988D /* XCRemoteSwiftPackageReference "OpenAI" */,
			);
			productRefGroup = AF9325872AA85614006CF07E /* Products */;
			projectDirPath = "";
			projectRoot = "";
			targets = (
				AF9325852AA85614006CF07E /* GrammarFix */,
			);
		};
/* End PBXProject section */

/* Begin PBXSourcesBuildPhase section */
		AF9325822AA85614006CF07E /* Sources */ = {
			isa = PBXSourcesBuildPhase;
			buildActionMask = 2147483647;
			files = (
				AF2C96152AA86F81005CCE33 /* GrammarFixError.swift in Sources */,
				AF9325942AA8585E006CF07E /* GrammarFix.swift in Sources */,
			);
			runOnlyForDeploymentPostprocessing = 0;
		};
/* End PBXSourcesBuildPhase section */

/* Begin XCBuildConfiguration section */
		AF93258B2AA85614006CF07E /* Debug */ = {
			isa = XCBuildConfiguration;
			buildSettings = {
				ALWAYS_SEARCH_USER_PATHS = NO;
				CLANG_ANALYZER_NONNULL = YES;
				CLANG_ANALYZER_NUMBER_OBJECT_CONVERSION = YES_AGGRESSIVE;
				CLANG_CXX_LANGUAGE_STANDARD = "gnu++20";
				CLANG_ENABLE_MODULES = YES;
				CLANG_ENABLE_OBJC_ARC = YES;
				CLANG_ENABLE_OBJC_WEAK = YES;
				CLANG_WARN_BLOCK_CAPTURE_AUTORELEASING = YES;
				CLANG_WARN_BOOL_CONVERSION = YES;
				CLANG_WARN_COMMA = YES;
				CLANG_WARN_CONSTANT_CONVERSION = YES;
				CLANG_WARN_DEPRECATED_OBJC_IMPLEMENTATIONS = YES;
				CLANG_WARN_DIRECT_OBJC_ISA_USAGE = YES_ERROR;
				CLANG_WARN_DOCUMENTATION_COMMENTS = YES;
				CLANG_WARN_EMPTY_BODY = YES;
				CLANG_WARN_ENUM_CONVERSION = YES;
				CLANG_WARN_INFINITE_RECURSION = YES;
				CLANG_WARN_INT_CONVERSION = YES;
				CLANG_WARN_NON_LITERAL_NULL_CONVERSION = YES;
				CLANG_WARN_OBJC_IMPLICIT_RETAIN_SELF = YES;
				CLANG_WARN_OBJC_LITERAL_CONVERSION = YES;
				CLANG_WARN_OBJC_ROOT_CLASS = YES_ERROR;
				CLANG_WARN_QUOTED_INCLUDE_IN_FRAMEWORK_HEADER = YES;
				CLANG_WARN_RANGE_LOOP_ANALYSIS = YES;
				CLANG_WARN_STRICT_PROTOTYPES = YES;
				CLANG_WARN_SUSPICIOUS_MOVE = YES;
				CLANG_WARN_UNGUARDED_AVAILABILITY = YES_AGGRESSIVE;
				CLANG_WARN_UNREACHABLE_CODE = YES;
				CLANG_WARN__DUPLICATE_METHOD_MATCH = YES;
				COPY_PHASE_STRIP = NO;
				DEBUG_INFORMATION_FORMAT = dwarf;
				ENABLE_STRICT_OBJC_MSGSEND = YES;
				ENABLE_TESTABILITY = YES;
				GCC_C_LANGUAGE_STANDARD = gnu11;
				GCC_DYNAMIC_NO_PIC = NO;
				GCC_NO_COMMON_BLOCKS = YES;
				GCC_OPTIMIZATION_LEVEL = 0;
				GCC_PREPROCESSOR_DEFINITIONS = (
					"DEBUG=1",
					"$(inherited)",
				);
				GCC_WARN_64_TO_32_BIT_CONVERSION = YES;
				GCC_WARN_ABOUT_RETURN_TYPE = YES_ERROR;
				GCC_WARN_UNDECLARED_SELECTOR = YES;
				GCC_WARN_UNINITIALIZED_AUTOS = YES_AGGRESSIVE;
				GCC_WARN_UNUSED_FUNCTION = YES;
				GCC_WARN_UNUSED_VARIABLE = YES;
				MACOSX_DEPLOYMENT_TARGET = 13.1;
				MTL_ENABLE_DEBUG_INFO = INCLUDE_SOURCE;
				MTL_FAST_MATH = YES;
				ONLY_ACTIVE_ARCH = YES;
				SDKROOT = macosx;
				SWIFT_ACTIVE_COMPILATION_CONDITIONS = DEBUG;
				SWIFT_OPTIMIZATION_LEVEL = "-Onone";
				SWIFT_VERSION = 5.0;
			};
			name = Debug;
		};
		AF93258C2AA85614006CF07E /* Release */ = {
			isa = XCBuildConfiguration;
			buildSettings = {
				ALWAYS_SEARCH_USER_PATHS = NO;
				CLANG_ANALYZER_NONNULL = YES;
				CLANG_ANALYZER_NUMBER_OBJECT_CONVERSION = YES_AGGRESSIVE;
				CLANG_CXX_LANGUAGE_STANDARD = "gnu++20";
				CLANG_ENABLE_MODULES = YES;
				CLANG_ENABLE_OBJC_ARC = YES;
				CLANG_ENABLE_OBJC_WEAK = YES;
				CLANG_WARN_BLOCK_CAPTURE_AUTORELEASING = YES;
				CLANG_WARN_BOOL_CONVERSION = YES;
				CLANG_WARN_COMMA = YES;
				CLANG_WARN_CONSTANT_CONVERSION = YES;
				CLANG_WARN_DEPRECATED_OBJC_IMPLEMENTATIONS = YES;
				CLANG_WARN_DIRECT_OBJC_ISA_USAGE = YES_ERROR;
				CLANG_WARN_DOCUMENTATION_COMMENTS = YES;
				CLANG_WARN_EMPTY_BODY = YES;
				CLANG_WARN_ENUM_CONVERSION = YES;
				CLANG_WARN_INFINITE_RECURSION = YES;
				CLANG_WARN_INT_CONVERSION = YES;
				CLANG_WARN_NON_LITERAL_NULL_CONVERSION = YES;
				CLANG_WARN_OBJC_IMPLICIT_RETAIN_SELF = YES;
				CLANG_WARN_OBJC_LITERAL_CONVERSION = YES;
				CLANG_WARN_OBJC_ROOT_CLASS = YES_ERROR;
				CLANG_WARN_QUOTED_INCLUDE_IN_FRAMEWORK_HEADER = YES;
				CLANG_WARN_RANGE_LOOP_ANALYSIS = YES;
				CLANG_WARN_STRICT_PROTOTYPES = YES;
				CLANG_WARN_SUSPICIOUS_MOVE = YES;
				CLANG_WARN_UNGUARDED_AVAILABILITY = YES_AGGRESSIVE;
				CLANG_WARN_UNREACHABLE_CODE = YES;
				CLANG_WARN__DUPLICATE_METHOD_MATCH = YES;
				COPY_PHASE_STRIP = NO;
				DEBUG_INFORMATION_FORMAT = "dwarf-with-dsym";
				ENABLE_NS_ASSERTIONS = NO;
				ENABLE_STRICT_OBJC_MSGSEND = YES;
				GCC_C_LANGUAGE_STANDARD = gnu11;
				GCC_NO_COMMON_BLOCKS = YES;
				GCC_WARN_64_TO_32_BIT_CONVERSION = YES;
				GCC_WARN_ABOUT_RETURN_TYPE = YES_ERROR;
				GCC_WARN_UNDECLARED_SELECTOR = YES;
				GCC_WARN_UNINITIALIZED_AUTOS = YES_AGGRESSIVE;
				GCC_WARN_UNUSED_FUNCTION = YES;
				GCC_WARN_UNUSED_VARIABLE = YES;
				MACOSX_DEPLOYMENT_TARGET = 13.1;
				MTL_ENABLE_DEBUG_INFO = NO;
				MTL_FAST_MATH = YES;
				SDKROOT = macosx;
				SWIFT_COMPILATION_MODE = wholemodule;
				SWIFT_OPTIMIZATION_LEVEL = "-O";
				SWIFT_VERSION = 5.0;
			};
			name = Release;
		};
		AF93258E2AA85614006CF07E /* Debug */ = {
			isa = XCBuildConfiguration;
			buildSettings = {
				CODE_SIGN_STYLE = Automatic;
				PRODUCT_NAME = "$(TARGET_NAME)";
				SWIFT_VERSION = 5.0;
			};
			name = Debug;
		};
		AF93258F2AA85614006CF07E /* Release */ = {
			isa = XCBuildConfiguration;
			buildSettings = {
				CODE_SIGN_STYLE = Automatic;
				PRODUCT_NAME = "$(TARGET_NAME)";
				SWIFT_VERSION = 5.0;
			};
			name = Release;
		};
/* End XCBuildConfiguration section */

/* Begin XCConfigurationList section */
		AF9325812AA85614006CF07E /* Build configuration list for PBXProject "GrammarFix" */ = {
			isa = XCConfigurationList;
			buildConfigurations = (
				AF93258B2AA85614006CF07E /* Debug */,
				AF93258C2AA85614006CF07E /* Release */,
			);
			defaultConfigurationIsVisible = 0;
			defaultConfigurationName = Release;
		};
		AF93258D2AA85614006CF07E /* Build configuration list for PBXNativeTarget "GrammarFix" */ = {
			isa = XCConfigurationList;
			buildConfigurations = (
				AF93258E2AA85614006CF07E /* Debug */,
				AF93258F2AA85614006CF07E /* Release */,
			);
			defaultConfigurationIsVisible = 0;
			defaultConfigurationName = Release;
		};
/* End XCConfigurationList section */

/* Begin XCRemoteSwiftPackageReference section */
		34D5BF0B2AB583F400E2988D /* XCRemoteSwiftPackageReference "OpenAI" */ = {
			isa = XCRemoteSwiftPackageReference;
			repositoryURL = "https://github.com/MacPaw/OpenAI";
			requirement = {
				kind = upToNextMajorVersion;
				minimumVersion = 0.2.4;
			};
		};
		AF9325902AA856ED006CF07E /* XCRemoteSwiftPackageReference "swift-argument-parser" */ = {
			isa = XCRemoteSwiftPackageReference;
			repositoryURL = "https://github.com/apple/swift-argument-parser.git";
			requirement = {
				kind = upToNextMajorVersion;
				minimumVersion = 1.0.0;
			};
		};
/* End XCRemoteSwiftPackageReference section */

/* Begin XCSwiftPackageProductDependency section */
		34D5BF0C2AB583F400E2988D /* OpenAI */ = {
			isa = XCSwiftPackageProductDependency;
			package = 34D5BF0B2AB583F400E2988D /* XCRemoteSwiftPackageReference "OpenAI" */;
			productName = OpenAI;
		};
		AF9325912AA856ED006CF07E /* ArgumentParser */ = {
			isa = XCSwiftPackageProductDependency;
			package = AF9325902AA856ED006CF07E /* XCRemoteSwiftPackageReference "swift-argument-parser" */;
			productName = ArgumentParser;
		};
/* End XCSwiftPackageProductDependency section */
	};
	rootObject = AF93257E2AA85614006CF07E /* Project object */;
}
