{
  "originHash" : "2b6326b8289e25abeca29bf49cff97c9f772a5ce5709a3f98eeb4c825c66f5e0",
  "pins" : [
    {
      "identity" : "openai",
      "kind" : "remoteSourceControl",
      "location" : "https://github.com/MacPaw/OpenAI",
      "state" : {
        "revision" : "e59e4923acc924db51d415e99d0a76c7d54037e0",
        "version" : "0.3.6"
      }
    },
    {
      "identity" : "swift-argument-parser",
      "kind" : "remoteSourceControl",
      "location" : "https://github.com/apple/swift-argument-parser.git",
      "state" : {
        "revision" : "41982a3656a71c768319979febd796c6fd111d5c",
        "version" : "1.5.0"
      }
    }
  ],
  "version" : 3
}
